
Microsoft Visual Studio Solution File, Format Version 12.00
# Visual Studio 15
VisualStudioVersion = 15.0.26403.3
MinimumVisualStudioVersion = 10.0.40219.1
Project("{FAE04EC0-301F-11D3-BF4B-00C04F79EFBC}") = "SogetiSpain.AdvancedMvvmWorkshop.MemoryLeaksWithEvents", "SogetiSpain.AdvancedMvvmWorkshop.MemoryLeaksWithEvents\SogetiSpain.AdvancedMvvmWorkshop.MemoryLeaksWithEvents.csproj", "{F4A5E641-29DD-4F0C-982A-2C6508D50025}"
EndProject
Project("{2150E333-8FDC-42A3-9474-1A3956D46DE8}") = "DependencyInjection-BestPractices", "DependencyInjection-BestPractices", "{FAACC6FA-9B25-4166-91FC-76A6906F36C1}"
EndProject
Project("{2150E333-8FDC-42A3-9474-1A3956D46DE8}") = "Before", "Before", "{6A6A48F1-675E-4677-83C7-D08E6476117A}"
EndProject
Project("{FAE04EC0-301F-11D3-BF4B-00C04F79EFBC}") = "SogetiSpain.TradingManagement", "DI\Before\SogetiSpain.TradingManagement\SogetiSpain.TradingManagement.csproj", "{2670E790-F9CE-4651-83A4-65938F2782F1}"
EndProject
Project("{2150E333-8FDC-42A3-9474-1A3956D46DE8}") = "Step01", "Step01", "{4A2FEA8E-8A72-4D05-BD64-0F3EFB132063}"
EndProject
Project("{FAE04EC0-301F-11D3-BF4B-00C04F79EFBC}") = "SogetiSpain.TradingManagement", "DI\Step01\SogetiSpain.TradingManagement\SogetiSpain.TradingManagement.csproj", "{147B30B7-9063-40A1-B131-E56A007E5CF5}"
EndProject
Project("{FAE04EC0-301F-11D3-BF4B-00C04F79EFBC}") = "SogetiSpain.TradingManagement.PresentationLogic", "DI\Step01\SogetiSpain.TradingManagement.PresentationLogic\SogetiSpain.TradingManagement.PresentationLogic.csproj", "{677E8072-EDF5-410A-92AC-AE8CFA2A4706}"
EndProject
Project("{2150E333-8FDC-42A3-9474-1A3956D46DE8}") = "Step02", "Step02", "{86919BE4-EDED-4FD5-A823-DF0CB6E30C7C}"
EndProject
Project("{FAE04EC0-301F-11D3-BF4B-00C04F79EFBC}") = "SogetiSpain.TradingManagement.PresentationLogic", "DI\Step02\SogetiSpain.TradingManagement.PresentationLogic\SogetiSpain.TradingManagement.PresentationLogic.csproj", "{4837E5B3-D252-4053-913C-0542596703E1}"
EndProject
Project("{FAE04EC0-301F-11D3-BF4B-00C04F79EFBC}") = "SogetiSpain.TradingManagement", "DI\Step02\SogetiSpain.TradingManagement\SogetiSpain.TradingManagement.csproj", "{5490636A-E392-47FA-BBAA-7ABBA6F9F6B5}"
EndProject
Project("{FAE04EC0-301F-11D3-BF4B-00C04F79EFBC}") = "SogetiSpain.TradingManagement.UI", "DI\Step02\SogetiSpain.TradingManagement.UI\SogetiSpain.TradingManagement.UI.csproj", "{621429F4-F5CC-437B-9DEE-E3E78AAAA895}"
EndProject
Project("{2150E333-8FDC-42A3-9474-1A3956D46DE8}") = "Step03", "Step03", "{015EEAD9-4C4D-42EA-92C1-6651968F78DF}"
EndProject
Project("{FAE04EC0-301F-11D3-BF4B-00C04F79EFBC}") = "SogetiSpain.TradingManagement.PresentationLogic", "DI\Step03\SogetiSpain.TradingManagement.PresentationLogic\SogetiSpain.TradingManagement.PresentationLogic.csproj", "{0A91D740-DFCF-43D9-B3C5-75985513639C}"
EndProject
Project("{FAE04EC0-301F-11D3-BF4B-00C04F79EFBC}") = "SogetiSpain.TradingManagement.UI", "DI\Step03\SogetiSpain.TradingManagement.UI\SogetiSpain.TradingManagement.UI.csproj", "{7AE37E61-BE54-4DCF-B84B-B73A5E797A23}"
EndProject
Project("{FAE04EC0-301F-11D3-BF4B-00C04F79EFBC}") = "SogetiSpain.TradingManagement", "DI\Step03\SogetiSpain.TradingManagement\SogetiSpain.TradingManagement.csproj", "{1F5733A0-6F3E-45E8-A897-0D53008E3151}"
EndProject
Project("{FAE04EC0-301F-11D3-BF4B-00C04F79EFBC}") = "SogetiSpain.TradingManagement.PresentationLogic.Contracts", "DI\Step03\SogetiSpain.TradingManagement.PresentationLogic.Contracts\SogetiSpain.TradingManagement.PresentationLogic.Contracts.csproj", "{D789AA93-1C84-4D41-9084-97F365227F98}"
EndProject
Global
	GlobalSection(SolutionConfigurationPlatforms) = preSolution
		Debug|Any CPU = Debug|Any CPU
		Release|Any CPU = Release|Any CPU
	EndGlobalSection
	GlobalSection(ProjectConfigurationPlatforms) = postSolution
		{F4A5E641-29DD-4F0C-982A-2C6508D50025}.Debug|Any CPU.ActiveCfg = Debug|Any CPU
		{F4A5E641-29DD-4F0C-982A-2C6508D50025}.Debug|Any CPU.Build.0 = Debug|Any CPU
		{F4A5E641-29DD-4F0C-982A-2C6508D50025}.Release|Any CPU.ActiveCfg = Release|Any CPU
		{F4A5E641-29DD-4F0C-982A-2C6508D50025}.Release|Any CPU.Build.0 = Release|Any CPU
		{2670E790-F9CE-4651-83A4-65938F2782F1}.Debug|Any CPU.ActiveCfg = Debug|Any CPU
		{2670E790-F9CE-4651-83A4-65938F2782F1}.Debug|Any CPU.Build.0 = Debug|Any CPU
		{2670E790-F9CE-4651-83A4-65938F2782F1}.Release|Any CPU.ActiveCfg = Release|Any CPU
		{2670E790-F9CE-4651-83A4-65938F2782F1}.Release|Any CPU.Build.0 = Release|Any CPU
		{147B30B7-9063-40A1-B131-E56A007E5CF5}.Debug|Any CPU.ActiveCfg = Debug|Any CPU
		{147B30B7-9063-40A1-B131-E56A007E5CF5}.Debug|Any CPU.Build.0 = Debug|Any CPU
		{147B30B7-9063-40A1-B131-E56A007E5CF5}.Release|Any CPU.ActiveCfg = Release|Any CPU
		{147B30B7-9063-40A1-B131-E56A007E5CF5}.Release|Any CPU.Build.0 = Release|Any CPU
		{677E8072-EDF5-410A-92AC-AE8CFA2A4706}.Debug|Any CPU.ActiveCfg = Debug|Any CPU
		{677E8072-EDF5-410A-92AC-AE8CFA2A4706}.Debug|Any CPU.Build.0 = Debug|Any CPU
		{677E8072-EDF5-410A-92AC-AE8CFA2A4706}.Release|Any CPU.ActiveCfg = Release|Any CPU
		{677E8072-EDF5-410A-92AC-AE8CFA2A4706}.Release|Any CPU.Build.0 = Release|Any CPU
		{4837E5B3-D252-4053-913C-0542596703E1}.Debug|Any CPU.ActiveCfg = Debug|Any CPU
		{4837E5B3-D252-4053-913C-0542596703E1}.Debug|Any CPU.Build.0 = Debug|Any CPU
		{4837E5B3-D252-4053-913C-0542596703E1}.Release|Any CPU.ActiveCfg = Release|Any CPU
		{4837E5B3-D252-4053-913C-0542596703E1}.Release|Any CPU.Build.0 = Release|Any CPU
		{5490636A-E392-47FA-BBAA-7ABBA6F9F6B5}.Debug|Any CPU.ActiveCfg = Debug|Any CPU
		{5490636A-E392-47FA-BBAA-7ABBA6F9F6B5}.Debug|Any CPU.Build.0 = Debug|Any CPU
		{5490636A-E392-47FA-BBAA-7ABBA6F9F6B5}.Release|Any CPU.ActiveCfg = Release|Any CPU
		{5490636A-E392-47FA-BBAA-7ABBA6F9F6B5}.Release|Any CPU.Build.0 = Release|Any CPU
		{621429F4-F5CC-437B-9DEE-E3E78AAAA895}.Debug|Any CPU.ActiveCfg = Debug|Any CPU
		{621429F4-F5CC-437B-9DEE-E3E78AAAA895}.Debug|Any CPU.Build.0 = Debug|Any CPU
		{621429F4-F5CC-437B-9DEE-E3E78AAAA895}.Release|Any CPU.ActiveCfg = Release|Any CPU
		{621429F4-F5CC-437B-9DEE-E3E78AAAA895}.Release|Any CPU.Build.0 = Release|Any CPU
		{0A91D740-DFCF-43D9-B3C5-75985513639C}.Debug|Any CPU.ActiveCfg = Debug|Any CPU
		{0A91D740-DFCF-43D9-B3C5-75985513639C}.Debug|Any CPU.Build.0 = Debug|Any CPU
		{0A91D740-DFCF-43D9-B3C5-75985513639C}.Release|Any CPU.ActiveCfg = Release|Any CPU
		{0A91D740-DFCF-43D9-B3C5-75985513639C}.Release|Any CPU.Build.0 = Release|Any CPU
		{7AE37E61-BE54-4DCF-B84B-B73A5E797A23}.Debug|Any CPU.ActiveCfg = Debug|Any CPU
		{7AE37E61-BE54-4DCF-B84B-B73A5E797A23}.Debug|Any CPU.Build.0 = Debug|Any CPU
		{7AE37E61-BE54-4DCF-B84B-B73A5E797A23}.Release|Any CPU.ActiveCfg = Release|Any CPU
		{7AE37E61-BE54-4DCF-B84B-B73A5E797A23}.Release|Any CPU.Build.0 = Release|Any CPU
		{1F5733A0-6F3E-45E8-A897-0D53008E3151}.Debug|Any CPU.ActiveCfg = Debug|Any CPU
		{1F5733A0-6F3E-45E8-A897-0D53008E3151}.Debug|Any CPU.Build.0 = Debug|Any CPU
		{1F5733A0-6F3E-45E8-A897-0D53008E3151}.Release|Any CPU.ActiveCfg = Release|Any CPU
		{1F5733A0-6F3E-45E8-A897-0D53008E3151}.Release|Any CPU.Build.0 = Release|Any CPU
		{D789AA93-1C84-4D41-9084-97F365227F98}.Debug|Any CPU.ActiveCfg = Debug|Any CPU
		{D789AA93-1C84-4D41-9084-97F365227F98}.Debug|Any CPU.Build.0 = Debug|Any CPU
		{D789AA93-1C84-4D41-9084-97F365227F98}.Release|Any CPU.ActiveCfg = Release|Any CPU
		{D789AA93-1C84-4D41-9084-97F365227F98}.Release|Any CPU.Build.0 = Release|Any CPU
	EndGlobalSection
	GlobalSection(SolutionProperties) = preSolution
		HideSolutionNode = FALSE
	EndGlobalSection
	GlobalSection(NestedProjects) = preSolution
		{6A6A48F1-675E-4677-83C7-D08E6476117A} = {FAACC6FA-9B25-4166-91FC-76A6906F36C1}
		{2670E790-F9CE-4651-83A4-65938F2782F1} = {6A6A48F1-675E-4677-83C7-D08E6476117A}
		{4A2FEA8E-8A72-4D05-BD64-0F3EFB132063} = {FAACC6FA-9B25-4166-91FC-76A6906F36C1}
		{147B30B7-9063-40A1-B131-E56A007E5CF5} = {4A2FEA8E-8A72-4D05-BD64-0F3EFB132063}
		{677E8072-EDF5-410A-92AC-AE8CFA2A4706} = {4A2FEA8E-8A72-4D05-BD64-0F3EFB132063}
		{86919BE4-EDED-4FD5-A823-DF0CB6E30C7C} = {FAACC6FA-9B25-4166-91FC-76A6906F36C1}
		{4837E5B3-D252-4053-913C-0542596703E1} = {86919BE4-EDED-4FD5-A823-DF0CB6E30C7C}
		{5490636A-E392-47FA-BBAA-7ABBA6F9F6B5} = {86919BE4-EDED-4FD5-A823-DF0CB6E30C7C}
		{621429F4-F5CC-437B-9DEE-E3E78AAAA895} = {86919BE4-EDED-4FD5-A823-DF0CB6E30C7C}
		{015EEAD9-4C4D-42EA-92C1-6651968F78DF} = {FAACC6FA-9B25-4166-91FC-76A6906F36C1}
		{0A91D740-DFCF-43D9-B3C5-75985513639C} = {015EEAD9-4C4D-42EA-92C1-6651968F78DF}
		{7AE37E61-BE54-4DCF-B84B-B73A5E797A23} = {015EEAD9-4C4D-42EA-92C1-6651968F78DF}
		{1F5733A0-6F3E-45E8-A897-0D53008E3151} = {015EEAD9-4C4D-42EA-92C1-6651968F78DF}
		{D789AA93-1C84-4D41-9084-97F365227F98} = {015EEAD9-4C4D-42EA-92C1-6651968F78DF}
	EndGlobalSection
EndGlobal
